
Microsoft Visual Studio Solution File, Format Version 12.00
# Visual Studio Version 16
VisualStudioVersion = 16.0.30517.126
MinimumVisualStudioVersion = 10.0.40219.1
Project("{FAE04EC0-301F-11D3-BF4B-00C04F79EFBC}") = "labaVlad", "labaVlad\labaVlad.csproj", "{B0812E7A-981F-4EFF-B77E-531BAA2ED60D}"
EndProject
Global
	GlobalSection(SolutionConfigurationPlatforms) = preSolution
		Debug|Any CPU = Debug|Any CPU
		Release|Any CPU = Release|Any CPU
	EndGlobalSection
	GlobalSection(ProjectConfigurationPlatforms) = postSolution
		{B0812E7A-981F-4EFF-B77E-531BAA2ED60D}.Debug|Any CPU.ActiveCfg = Debug|Any CPU
		{B0812E7A-981F-4EFF-B77E-531BAA2ED60D}.Debug|Any CPU.Build.0 = Debug|Any CPU
		{B0812E7A-981F-4EFF-B77E-531BAA2ED60D}.Release|Any CPU.ActiveCfg = Release|Any CPU
		{B0812E7A-981F-4EFF-B77E-531BAA2ED60D}.Release|Any CPU.Build.0 = Release|Any CPU
	EndGlobalSection
	GlobalSection(SolutionProperties) = preSolution
		HideSolutionNode = FALSE
	EndGlobalSection
	GlobalSection(ExtensibilityGlobals) = postSolution
		SolutionGuid = {5DF4A96D-9157-4C02-8ED8-697BA2E3496D}
	EndGlobalSection
EndGlobal
